
Microsoft Visual Studio Solution File, Format Version 12.00
# Visual Studio Version 17
VisualStudioVersion = 17.0.31903.59
MinimumVisualStudioVersion = 10.0.40219.1
Project("{FAE04EC0-301F-11D3-BF4B-00C04F79EFBC}") = "NilTypescriptExample", "NilTypescriptExample\NilTypescriptExample.csproj", "{DCFF84DF-AFAB-45FC-8508-72AA23A899CD}"
EndProject
Global
	GlobalSection(SolutionConfigurationPlatforms) = preSolution
		Debug|Any CPU = Debug|Any CPU
		Release|Any CPU = Release|Any CPU
	EndGlobalSection
	GlobalSection(ProjectConfigurationPlatforms) = postSolution
		{DCFF84DF-AFAB-45FC-8508-72AA23A899CD}.Debug|Any CPU.ActiveCfg = Debug|Any CPU
		{DCFF84DF-AFAB-45FC-8508-72AA23A899CD}.Debug|Any CPU.Build.0 = Debug|Any CPU
		{DCFF84DF-AFAB-45FC-8508-72AA23A899CD}.Release|Any CPU.ActiveCfg = Release|Any CPU
		{DCFF84DF-AFAB-45FC-8508-72AA23A899CD}.Release|Any CPU.Build.0 = Release|Any CPU
	EndGlobalSection
	GlobalSection(SolutionProperties) = preSolution
		HideSolutionNode = FALSE
	EndGlobalSection
	GlobalSection(ExtensibilityGlobals) = postSolution
		SolutionGuid = {3F364FCC-6E0E-4CCD-A5D9-30F34314AB72}
	EndGlobalSection
EndGlobal
